
Microsoft Visual Studio Solution File, Format Version 12.00
# Visual Studio Version 17
VisualStudioVersion = 17.4.33403.182
MinimumVisualStudioVersion = 10.0.40219.1
Project("{FAE04EC0-301F-11D3-BF4B-00C04F79EFBC}") = "ConsoleApp3", "ConsoleApp3.csproj", "{07FCF1E1-97ED-4C68-B61B-00D54B4977D5}"
EndProject
Global
	GlobalSection(SolutionConfigurationPlatforms) = preSolution
		Debug|Any CPU = Debug|Any CPU
		Release|Any CPU = Release|Any CPU
	EndGlobalSection
	GlobalSection(ProjectConfigurationPlatforms) = postSolution
		{07FCF1E1-97ED-4C68-B61B-00D54B4977D5}.Debug|Any CPU.ActiveCfg = Debug|Any CPU
		{07FCF1E1-97ED-4C68-B61B-00D54B4977D5}.Debug|Any CPU.Build.0 = Debug|Any CPU
		{07FCF1E1-97ED-4C68-B61B-00D54B4977D5}.Release|Any CPU.ActiveCfg = Release|Any CPU
		{07FCF1E1-97ED-4C68-B61B-00D54B4977D5}.Release|Any CPU.Build.0 = Release|Any CPU
	EndGlobalSection
	GlobalSection(SolutionProperties) = preSolution
		HideSolutionNode = FALSE
	EndGlobalSection
	GlobalSection(ExtensibilityGlobals) = postSolution
		SolutionGuid = {3D313607-6883-4131-BBF4-39E9342812F4}
	EndGlobalSection
EndGlobal
